{
  "name": "pianoecho",
  "version": "1.0.0",
  "lockfileVersion": 1,
  "requires": true,
  "dependencies": {
    "@tonejs/midi": {
      "version": "2.0.22",
      "resolved": "https://registry.npmjs.org/@tonejs/midi/-/midi-2.0.22.tgz",
      "integrity": "sha512-i0guboxr3dikL5yGtKpzKyc3ZIfk36+rmhYuJcqy5dbNXJK5No/NT94PCTyUESmtVgJmV88qdxhd04m7tRv53g==",
      "requires": {
        "array-flatten": "^2.1.2",
        "midi-file": "^1.1.2"
      }
    },
    "array-flatten": {
      "version": "2.1.2",
      "resolved": "https://registry.npmjs.org/array-flatten/-/array-flatten-2.1.2.tgz",
      "integrity": "sha512-hNfzcOV8W4NdualtqBFPyVO+54DSJuZGY9qT4pRroB6S9e3iiido2ISIC5h9R2sPJ8H3FHCIiEnsv1lPXO3KtQ=="
    },
    "midi-file": {
      "version": "1.1.2",
      "resolved": "https://registry.npmjs.org/midi-file/-/midi-file-1.1.2.tgz",
      "integrity": "sha512-VQNzirfADDFXTymgPJv2VfLylCq14spRNFhpA6u7dLqPMbw1BqGf5u9B0k7z++8X1RMs57pyn+G4kzhyIatlyw=="
    },
    "node-fetch": {
      "version": "2.6.1",
      "resolved": "https://registry.npmjs.org/node-fetch/-/node-fetch-2.6.1.tgz",
      "integrity": "sha512-V4aYg89jEoVRxRb2fJdAg8FHvI7cEyYdVAh94HH0UIK8oJxUfkjlDQN9RbMx+bEjP7+ggMiFRprSti032Oipxw=="
    },
    "ws": {
      "version": "7.4.6",
      "resolved": "https://registry.npmjs.org/ws/-/ws-7.4.6.tgz",
      "integrity": "sha512-YmhHDO4MzaDLB+M9ym/mDA5z0naX8j7SIlT8f8z+I0VtzsRbekxEutHSme7NPS2qE8StCYQNUnfWdXta/Yu85A=="
    }
  }
}
